{
  "version": 4,
  "terraform_version": "1.2.4",
  "serial": 45,
  "lineage": "37e68eac-9044-854f-d530-669a9b1ba5ef",
  "outputs": {},
  "resources": [
    {
      "mode": "data",
      "type": "cloudfoundry_domain",
      "name": "cloudapps",
      "provider": "provider[\"registry.terraform.io/cloudfoundry-community/cloudfoundry\"]",
      "instances": [
        {
          "schema_version": 0,
          "attributes": {
            "domain": "cloudapps.digital",
            "id": "86484fb4-8d55-4f24-a3af-eda030b95ad8",
            "internal": false,
            "name": "london.cloudapps.digital",
            "org": "",
            "sub_domain": "london"
          },
          "sensitive_attributes": []
        }
      ]
    },
    {
      "mode": "data",
      "type": "cloudfoundry_domain",
      "name": "internal",
      "provider": "provider[\"registry.terraform.io/cloudfoundry-community/cloudfoundry\"]",
      "instances": [
        {
          "schema_version": 0,
          "attributes": {
            "domain": "internal",
            "id": "b59c7e7a-e290-4f71-91a0-bd45ccf7613d",
            "internal": true,
            "name": "apps.internal",
            "org": "",
            "sub_domain": "apps"
          },
          "sensitive_attributes": []
        }
      ]
    },
    {
      "mode": "data",
      "type": "cloudfoundry_service",
      "name": "postgres",
      "provider": "provider[\"registry.terraform.io/cloudfoundry-community/cloudfoundry\"]",
      "instances": [
        {
          "schema_version": 0,
          "attributes": {
            "id": "4cb1521d-a914-4271-bfbf-84c27641d0c9",
            "name": "postgres",
            "service_broker_guid": null,
            "service_broker_name": "rds-broker",
            "service_plans": {
              "large-10": "6cc0e682-e363-45f0-abeb-df010438107f",
              "large-10-high-iops": "ebbfbb4e-7b8d-4bcf-a77d-65f17fd07aae",
              "large-11": "f14de448-52c9-460e-bca7-88457b557844",
              "large-11-high-iops": "10e90623-2923-4813-aa20-39b50f2951e0",
              "large-12": "5bc241f0-45fc-4e87-942f-601249eaecf0",
              "large-12-high-iops": "2f2d3e79-09fb-4d00-9c50-9e2f15331087",
              "large-13": "3e73c926-e56a-473e-8979-db6a3735ce5b",
              "large-13-high-iops": "bdc8b7ca-c4ed-4781-b556-662ace40d8d1",
              "large-ha-10": "55539e09-5dcc-457b-8db9-ccf4bd0dfc17",
              "large-ha-10-high-iops": "2d6d7534-71eb-4399-85ca-e7265233ea9b",
              "large-ha-11": "73973695-5f32-431b-95aa-550f9cd061d8",
              "large-ha-11-high-iops": "77fb5fd5-f928-4251-a230-33d48f67fe03",
              "large-ha-12": "ec02ff70-e42a-4b23-a75a-10c918fb7a43",
              "large-ha-12-high-iops": "c1ab8bfe-5cef-4c54-b6b2-48c8cd524d9e",
              "large-ha-13": "ef48fb51-e9f3-424e-a069-9ae37cd80d32",
              "large-ha-13-high-iops": "644d6c3a-afee-4ed2-9a53-908539eb3ee4",
              "medium-10": "36aaecfd-e8b4-42bc-9818-56c6ca8a5f73",
              "medium-10-high-iops": "f023cc88-50e0-4e59-8ae0-0c950356d9c9",
              "medium-11": "02f915de-90d0-4053-b79d-97dc82ae1436",
              "medium-11-high-iops": "796b15bd-155a-484f-a110-6d7ccd1c00d0",
              "medium-12": "2d8c2ade-05d2-4de1-85cd-e4f407b22115",
              "medium-12-high-iops": "ff2bcbd3-6184-4a5b-95ef-e47c13994df4",
              "medium-13": "94a83bf4-6f97-42f6-b14e-fd9c0f0345c0",
              "medium-13-high-iops": "481feb29-b3b3-44e9-9cab-41807a988285",
              "medium-ha-10": "4b3d810c-fda6-4569-b4a5-930c95921cc5",
              "medium-ha-10-high-iops": "7ee0c1cb-9404-4eb7-9642-89b6ac9f559e",
              "medium-ha-11": "8b6bd353-a975-4da4-b70b-686d85bd028c",
              "medium-ha-11-high-iops": "b33f9f4d-ad70-4fd3-98c7-5f34ba4dfc72",
              "medium-ha-12": "defa2270-3dad-486e-903b-599f28c1fa23",
              "medium-ha-12-high-iops": "6a4653c0-c2b9-4c51-9f36-aade23fa8d33",
              "medium-ha-13": "4a2761dd-7c9e-4528-b234-423c848cab77",
              "medium-ha-13-high-iops": "aadac630-3d6b-421c-8170-d39247684722",
              "small-10": "7075e50a-aa23-4802-95e3-d000826b86c8",
              "small-10-high-iops": "79418ccc-997f-44d0-ae68-8d314644e24b",
              "small-11": "057dffe3-6938-4c7c-bd1e-d3a0e9534f40",
              "small-11-high-iops": "32160844-64e0-4755-87b1-f3beaaed8832",
              "small-12": "1079a983-46bc-409b-b11e-b9571e4eae59",
              "small-12-high-iops": "2c986664-bea5-4e07-a976-0926cfdf7911",
              "small-13": "f18272ab-b0a6-482a-8cef-b6edca33e1e3",
              "small-13-high-iops": "8d6d1f75-a939-4346-a0d5-867f2df2bb46",
              "small-ha-10": "7bf454a3-5496-4a4b-942b-0d2c2104658d",
              "small-ha-10-high-iops": "1d61c0d8-8298-4931-aa8d-0fd93e08856d",
              "small-ha-11": "ecaf9b41-0bfc-456a-9b5a-59198e97a0b9",
              "small-ha-11-high-iops": "8b08602b-417a-43ee-b3bb-19ffb3977b24",
              "small-ha-12": "5130e65a-47e3-446c-925d-4e0263897d6b",
              "small-ha-12-high-iops": "c0bc6d4b-fc05-4974-bbe1-528fd34ec487",
              "small-ha-13": "397eff33-450a-4a62-9a67-2124255c92e6",
              "small-ha-13-high-iops": "c0d5c91f-e139-4b97-bf09-48778693be5e",
              "tiny-unencrypted-10": "6de671fd-fac4-48a1-87f6-37a2b6b751ea",
              "tiny-unencrypted-10-high-iops": "36a65cfa-663f-4fc2-962e-626cda15dc5c",
              "tiny-unencrypted-11": "3f51e95d-4080-4df1-a947-afead78dd7fe",
              "tiny-unencrypted-11-high-iops": "37090728-9d1a-4b19-92a4-20d37a3c16eb",
              "tiny-unencrypted-12": "c9d93b11-565c-4e4f-b0a1-d8d4536e88b8",
              "tiny-unencrypted-12-high-iops": "1229fd96-dfbd-4728-881e-9eb2b108c429",
              "tiny-unencrypted-13": "77334817-42ed-4c12-89f3-cc9cbac991f1",
              "tiny-unencrypted-13-high-iops": "de371190-ced5-4c58-b263-88703de4d119",
              "xlarge-10": "3ef7e164-f755-45fd-bb6f-469c8b8ba825",
              "xlarge-10-high-iops": "2aa5db6d-be63-44de-8ad8-870e7b6c362a",
              "xlarge-11": "c942ac08-3b83-4d25-a572-c1c5457043cb",
              "xlarge-11-high-iops": "87597c73-5af8-4427-9061-739f01da8161",
              "xlarge-12": "c86637e3-2dae-4f9f-b438-449f09a135d6",
              "xlarge-12-high-iops": "0cd7645e-8cdb-4770-92ae-1911f0e1ed90",
              "xlarge-13": "5c132ed0-b473-41ff-8c91-bbea184bba68",
              "xlarge-13-high-iops": "fba17fed-0235-4347-b2ff-88456a3fdd45",
              "xlarge-ha-10": "37135b9f-af23-4893-b53a-c52154fe06c1",
              "xlarge-ha-10-high-iops": "12c25a9a-9651-447f-b30b-3a16a7ad7938",
              "xlarge-ha-11": "70d632ab-269a-4986-8620-86797e8ee199",
              "xlarge-ha-11-high-iops": "c37d6c72-d567-4133-9b93-fcd7c1552219",
              "xlarge-ha-12": "b925b498-04bd-43d1-9633-00ef9e4813fe",
              "xlarge-ha-12-high-iops": "49e38116-1413-47e1-aeba-ddb44848ec21",
              "xlarge-ha-13": "b4d90813-c918-4cd2-abca-66df8b478203",
              "xlarge-ha-13-high-iops": "ae26f7b4-1db6-4dc2-a568-6f45a9474e40"
            },
            "space": null
          },
          "sensitive_attributes": []
        }
      ]
    },
    {
      "mode": "data",
      "type": "cloudfoundry_space",
      "name": "space",
      "provider": "provider[\"registry.terraform.io/cloudfoundry-community/cloudfoundry\"]",
      "instances": [
        {
          "schema_version": 0,
          "attributes": {
            "annotations": {},
            "id": "7c3d2e56-100b-45be-84ae-e78665cce84a",
            "labels": {},
            "name": "sandbox",
            "org": "386a9502-d9b6-4aba-b3c3-ebe4fa3f963e",
            "org_name": "dfe",
            "quota": ""
          },
          "sensitive_attributes": []
        }
      ]
    },
    {
      "mode": "managed",
      "type": "cloudfoundry_route",
      "name": "api_route_cloud",
      "provider": "provider[\"registry.terraform.io/cloudfoundry-community/cloudfoundry\"]",
      "instances": [
        {
          "schema_version": 0,
          "attributes": {
            "domain": "86484fb4-8d55-4f24-a3af-eda030b95ad8",
            "endpoint": "find-a-tuition-partner-sandbox.london.cloudapps.digital",
            "hostname": "find-a-tuition-partner-sandbox",
            "id": "81da3d51-8696-40c9-aa68-f51a972934b4",
            "path": "",
            "port": null,
            "random_port": null,
            "space": "7c3d2e56-100b-45be-84ae-e78665cce84a",
            "target": []
          },
          "sensitive_attributes": [],
          "private": "bnVsbA==",
          "dependencies": [
            "data.cloudfoundry_domain.cloudapps",
            "data.cloudfoundry_space.space"
          ]
        }
      ]
    },
    {
      "mode": "managed",
      "type": "cloudfoundry_service_instance",
      "name": "postgres_common",
      "provider": "provider[\"registry.terraform.io/cloudfoundry-community/cloudfoundry\"]",
      "instances": [
        {
          "schema_version": 1,
          "attributes": {
            "id": "22aab90c-90f5-4886-bf52-936a6b8a6574",
            "json_params": null,
            "name": "national-tutoring-sandbox-postgres-db",
            "recursive_delete": false,
            "replace_on_params_change": false,
            "replace_on_service_plan_change": false,
            "service_plan": "f18272ab-b0a6-482a-8cef-b6edca33e1e3",
            "space": "7c3d2e56-100b-45be-84ae-e78665cce84a",
            "tags": [],
            "timeouts": null
          },
          "sensitive_attributes": [],
          "private": "eyJlMmJmYjczMC1lY2FhLTExZTYtOGY4OC0zNDM2M2JjN2M0YzAiOnsiY3JlYXRlIjo5MDAwMDAwMDAwMDAsImRlbGV0ZSI6OTAwMDAwMDAwMDAwLCJ1cGRhdGUiOjkwMDAwMDAwMDAwMH0sInNjaGVtYV92ZXJzaW9uIjoiMSJ9",
          "dependencies": [
            "data.cloudfoundry_service.postgres",
            "data.cloudfoundry_space.space"
          ]
        }
      ]
    }
  ]
}
