
Microsoft Visual Studio Solution File, Format Version 12.00
# Visual Studio Version 17
VisualStudioVersion = 17.1.32414.318
MinimumVisualStudioVersion = 10.0.40219.1
Project("{FAE04EC0-301F-11D3-BF4B-00C04F79EFBC}") = "FindaTutoringPartner", "FindaTutoringPartner\FindaTutoringPartner.csproj", "{70EAD91B-8D91-47E8-A840-4DC25D93357E}"
EndProject
Global
	GlobalSection(SolutionConfigurationPlatforms) = preSolution
		Debug|Any CPU = Debug|Any CPU
		Release|Any CPU = Release|Any CPU
	EndGlobalSection
	GlobalSection(ProjectConfigurationPlatforms) = postSolution
		{70EAD91B-8D91-47E8-A840-4DC25D93357E}.Debug|Any CPU.ActiveCfg = Debug|Any CPU
		{70EAD91B-8D91-47E8-A840-4DC25D93357E}.Debug|Any CPU.Build.0 = Debug|Any CPU
		{70EAD91B-8D91-47E8-A840-4DC25D93357E}.Release|Any CPU.ActiveCfg = Release|Any CPU
		{70EAD91B-8D91-47E8-A840-4DC25D93357E}.Release|Any CPU.Build.0 = Release|Any CPU
	EndGlobalSection
	GlobalSection(SolutionProperties) = preSolution
		HideSolutionNode = FALSE
	EndGlobalSection
	GlobalSection(ExtensibilityGlobals) = postSolution
		SolutionGuid = {0E23DFD4-1816-4A05-8913-EF08301A47AF}
	EndGlobalSection
EndGlobal
